
Microsoft Visual Studio Solution File, Format Version 12.00
# Visual Studio Version 17
VisualStudioVersion = 17.1.32421.90
MinimumVisualStudioVersion = 10.0.40219.1
Project("{FAE04EC0-301F-11D3-BF4B-00C04F79EFBC}") = "Section 02 - Classes", "Section 02 - Classes\Section 02 - Classes.csproj", "{134F6F6B-5E8E-48AD-BB56-2DC5EE0B2D47}"
EndProject
Project("{FAE04EC0-301F-11D3-BF4B-00C04F79EFBC}") = "Section 04 - Inheritance", "Section 04 - Inheritance\Section 04 - Inheritance.csproj", "{C54DB24C-CDBD-4366-9038-CBD547092E32}"
EndProject
Global
	GlobalSection(SolutionConfigurationPlatforms) = preSolution
		Debug|Any CPU = Debug|Any CPU
		Release|Any CPU = Release|Any CPU
	EndGlobalSection
	GlobalSection(ProjectConfigurationPlatforms) = postSolution
		{134F6F6B-5E8E-48AD-BB56-2DC5EE0B2D47}.Debug|Any CPU.ActiveCfg = Debug|Any CPU
		{134F6F6B-5E8E-48AD-BB56-2DC5EE0B2D47}.Debug|Any CPU.Build.0 = Debug|Any CPU
		{134F6F6B-5E8E-48AD-BB56-2DC5EE0B2D47}.Release|Any CPU.ActiveCfg = Release|Any CPU
		{134F6F6B-5E8E-48AD-BB56-2DC5EE0B2D47}.Release|Any CPU.Build.0 = Release|Any CPU
		{C54DB24C-CDBD-4366-9038-CBD547092E32}.Debug|Any CPU.ActiveCfg = Debug|Any CPU
		{C54DB24C-CDBD-4366-9038-CBD547092E32}.Debug|Any CPU.Build.0 = Debug|Any CPU
		{C54DB24C-CDBD-4366-9038-CBD547092E32}.Release|Any CPU.ActiveCfg = Release|Any CPU
		{C54DB24C-CDBD-4366-9038-CBD547092E32}.Release|Any CPU.Build.0 = Release|Any CPU
	EndGlobalSection
	GlobalSection(SolutionProperties) = preSolution
		HideSolutionNode = FALSE
	EndGlobalSection
	GlobalSection(ExtensibilityGlobals) = postSolution
		SolutionGuid = {53321EF5-381E-45E3-B484-8BB935FF1BB3}
	EndGlobalSection
EndGlobal
